
Microsoft Visual Studio Solution File, Format Version 12.00
# Visual Studio Version 17
VisualStudioVersion = 17.4.33213.308
MinimumVisualStudioVersion = 10.0.40219.1
Project("{FAE04EC0-301F-11D3-BF4B-00C04F79EFBC}") = "Area do quadrado", "Area do quadrado\Area do quadrado.csproj", "{93631F49-5EDC-42D8-B2AA-477810773829}"
EndProject
Global
	GlobalSection(SolutionConfigurationPlatforms) = preSolution
		Debug|Any CPU = Debug|Any CPU
		Release|Any CPU = Release|Any CPU
	EndGlobalSection
	GlobalSection(ProjectConfigurationPlatforms) = postSolution
		{93631F49-5EDC-42D8-B2AA-477810773829}.Debug|Any CPU.ActiveCfg = Debug|Any CPU
		{93631F49-5EDC-42D8-B2AA-477810773829}.Debug|Any CPU.Build.0 = Debug|Any CPU
		{93631F49-5EDC-42D8-B2AA-477810773829}.Release|Any CPU.ActiveCfg = Release|Any CPU
		{93631F49-5EDC-42D8-B2AA-477810773829}.Release|Any CPU.Build.0 = Release|Any CPU
	EndGlobalSection
	GlobalSection(SolutionProperties) = preSolution
		HideSolutionNode = FALSE
	EndGlobalSection
	GlobalSection(ExtensibilityGlobals) = postSolution
		SolutionGuid = {1001E523-D792-4C8F-B574-5ED7E8145D32}
	EndGlobalSection
EndGlobal
